{
  "name": "miniprogram-smarter",
  "version": "1.0.0",
  "lockfileVersion": 1,
  "requires": true,
  "dependencies": {
    "weui-miniprogram": {
      "version": "1.0.4",
      "resolved": "https://registry.npmjs.org/weui-miniprogram/-/weui-miniprogram-1.0.4.tgz",
      "integrity": "sha512-0CQHfgEe6cw8NN2mXMoPbPmI0yreabIfeiBl3t+kvYxPmfFJYAUsMtPau7VaUUgJO0nlT5jFxsbAbzF+jTrBJA=="
    }
  }
}
